<?xml version="1.0" encoding="utf-8"?>
<Project ToolsVersion="4.0" xmlns="http://schemas.microsoft.com/developer/msbuild/2003">
  <ItemGroup>
    <Filter Include="Form Files">
      <UniqueIdentifier>{99349809-55BA-4b9d-BF79-8FDBB0286EB3}</UniqueIdentifier>
      <Extensions>ui</Extensions>
    </Filter>
    <Filter Include="Header">
      <UniqueIdentifier>{93995380-89BD-4b04-88EB-625FBE52EBFB}</UniqueIdentifier>
      <Extensions>h;hh;hpp;hxx;hm;inl;inc;xsd</Extensions>
    </Filter>
    <Filter Include="Source">
      <UniqueIdentifier>{4FC737F1-C7A5-4376-A066-2A32D752A2FF}</UniqueIdentifier>
      <Extensions>cpp;c;cc;cxx;def;odl;idl;hpj;bat;asm;asmx</Extensions>
    </Filter>
    <Filter Include="Resource">
      <UniqueIdentifier>{D9D6E242-F8AF-46E4-B9FD-80ECBC20BA3E}</UniqueIdentifier>
      <Extensions>qrc;*</Extensions>
      <ParseFiles>false</ParseFiles>
    </Filter>
    <Filter Include="FileEncryption">
      <UniqueIdentifier>{17c290aa-90aa-479e-8b74-3865d0566fb0}</UniqueIdentifier>
    </Filter>
    <Filter Include="Curl">
      <UniqueIdentifier>{475b7e65-a81f-4634-8f2c-4732cc84fe1a}</UniqueIdentifier>
    </Filter>
    <Filter Include="Json">
      <UniqueIdentifier>{2706a432-8031-4ac1-8650-8beb877c9501}</UniqueIdentifier>
    </Filter>
  </ItemGroup>
  <ItemGroup>
    <ClCompile Include="main.cpp">
      <Filter>Source</Filter>
    </ClCompile>
    <ClCompile Include="UpgradeProgram.cpp">
      <Filter>Source</Filter>
    </ClCompile>
    <ClCompile Include="Downloader.cpp">
      <Filter>Curl</Filter>
    </ClCompile>
    <ClCompile Include="VersionCheck.cpp">
      <Filter>Source</Filter>
    </ClCompile>
    <ClCompile Include="jsoncpp\json_reader.cpp">
      <Filter>Json</Filter>
    </ClCompile>
    <ClCompile Include="jsoncpp\json_value.cpp">
      <Filter>Json</Filter>
    </ClCompile>
    <ClCompile Include="jsoncpp\json_writer.cpp">
      <Filter>Json</Filter>
    </ClCompile>
    <ClCompile Include="FileEncryption.cpp">
      <Filter>FileEncryption</Filter>
    </ClCompile>
    <ClCompile Include="PublicFunc.cpp">
      <Filter>Source</Filter>
    </ClCompile>
  </ItemGroup>
  <ItemGroup>
    <QtMoc Include="UpgradeProgram.h">
      <Filter>Header</Filter>
    </QtMoc>
  </ItemGroup>
  <ItemGroup>
    <QtUic Include="UpgradeProgram.ui">
      <Filter>Form Files</Filter>
    </QtUic>
  </ItemGroup>
  <ItemGroup>
    <QtRcc Include="UpgradeProgram.qrc">
      <Filter>Resource</Filter>
    </QtRcc>
  </ItemGroup>
  <ItemGroup>
    <ClInclude Include="Downloader.h">
      <Filter>Curl</Filter>
    </ClInclude>
    <ClInclude Include="jsoncpp\autolink.h">
      <Filter>Json</Filter>
    </ClInclude>
    <ClInclude Include="jsoncpp\config.h">
      <Filter>Json</Filter>
    </ClInclude>
    <ClInclude Include="jsoncpp\forwards.h">
      <Filter>Json</Filter>
    </ClInclude>
    <ClInclude Include="jsoncpp\json.h">
      <Filter>Json</Filter>
    </ClInclude>
    <ClInclude Include="jsoncpp\json_batchallocator.h">
      <Filter>Json</Filter>
    </ClInclude>
    <ClInclude Include="jsoncpp\json_features.h">
      <Filter>Json</Filter>
    </ClInclude>
    <ClInclude Include="jsoncpp\reader.h">
      <Filter>Json</Filter>
    </ClInclude>
    <ClInclude Include="jsoncpp\value.h">
      <Filter>Json</Filter>
    </ClInclude>
    <ClInclude Include="jsoncpp\writer.h">
      <Filter>Json</Filter>
    </ClInclude>
    <ClInclude Include="VersionCheck.h">
      <Filter>Header</Filter>
    </ClInclude>
    <ClInclude Include="FileEncryption.h">
      <Filter>FileEncryption</Filter>
    </ClInclude>
    <ClInclude Include="PublicDefine.h">
      <Filter>Header</Filter>
    </ClInclude>
    <ClInclude Include="FileLoad.h">
      <Filter>Header</Filter>
    </ClInclude>
    <ClInclude Include="PublicFunc.h">
      <Filter>Header</Filter>
    </ClInclude>
    <ClInclude Include="resource.h">
      <Filter>Header</Filter>
    </ClInclude>
  </ItemGroup>
  <ItemGroup>
    <None Include="jsoncpp\json_internalarray.inl">
      <Filter>Json</Filter>
    </None>
    <None Include="jsoncpp\json_internalmap.inl">
      <Filter>Json</Filter>
    </None>
    <None Include="jsoncpp\json_valueiterator.inl">
      <Filter>Json</Filter>
    </None>
  </ItemGroup>
  <ItemGroup>
    <ResourceCompile Include="UpgradeProgram.rc" />
  </ItemGroup>
</Project>