<?xml version="1.0" encoding="utf-8"?>
<Project ToolsVersion="4.0" xmlns="http://schemas.microsoft.com/developer/msbuild/2003">
  <ItemGroup>
    <Filter Include="源文件">
      <UniqueIdentifier>{4FC737F1-C7A5-4376-A066-2A32D752A2FF}</UniqueIdentifier>
      <Extensions>cpp;c;cc;cxx;def;odl;idl;hpj;bat;asm;asmx</Extensions>
    </Filter>
    <Filter Include="头文件">
      <UniqueIdentifier>{93995380-89BD-4b04-88EB-625FBE52EBFB}</UniqueIdentifier>
      <Extensions>h;hpp;hxx;hm;inl;inc;xsd</Extensions>
    </Filter>
    <Filter Include="资源文件">
      <UniqueIdentifier>{67DA6AB6-F800-4c08-8B7A-83BB121AAD01}</UniqueIdentifier>
      <Extensions>rc;ico;cur;bmp;dlg;rc2;rct;bin;rgs;gif;jpg;jpeg;jpe;resx;tiff;tif;png;wav;mfcribbon-ms</Extensions>
    </Filter>
    <Filter Include="头文件\Baoyuan">
      <UniqueIdentifier>{bac934f3-7002-4527-bb44-a68b0aedff9b}</UniqueIdentifier>
    </Filter>
    <Filter Include="头文件\carve_common_lib">
      <UniqueIdentifier>{91d48e9b-4011-4eb9-915d-d505af38a9fe}</UniqueIdentifier>
    </Filter>
    <Filter Include="头文件\device">
      <UniqueIdentifier>{3b5bc226-2cb0-4411-8cb6-d2dd6495ae30}</UniqueIdentifier>
    </Filter>
    <Filter Include="头文件\http_server">
      <UniqueIdentifier>{e8acb090-2f9d-47b9-905b-7df99b392797}</UniqueIdentifier>
    </Filter>
    <Filter Include="头文件\log">
      <UniqueIdentifier>{7e353833-b6d8-42b3-92d1-06c118b32c95}</UniqueIdentifier>
    </Filter>
    <Filter Include="源文件\http_server">
      <UniqueIdentifier>{30f7c5af-d23a-45ca-a198-110683ddd16d}</UniqueIdentifier>
    </Filter>
    <Filter Include="源文件\baoyuan">
      <UniqueIdentifier>{52717276-65ed-4232-800d-591fc1f918da}</UniqueIdentifier>
    </Filter>
    <Filter Include="源文件\device">
      <UniqueIdentifier>{d7866e77-14a9-4daa-b4bf-306a85fb2d80}</UniqueIdentifier>
    </Filter>
    <Filter Include="源文件\log">
      <UniqueIdentifier>{2db59371-cf5f-4a5d-a42c-c6298bdcc2d4}</UniqueIdentifier>
    </Filter>
    <Filter Include="源文件\main">
      <UniqueIdentifier>{be7aad93-4cd2-4674-acfd-05ce2f4dc8e8}</UniqueIdentifier>
    </Filter>
  </ItemGroup>
  <ItemGroup>
    <ClInclude Include="..\include\baoyuan\scif2.h">
      <Filter>头文件\Baoyuan</Filter>
    </ClInclude>
    <ClInclude Include="..\include\baoyuan\scif2_define.h">
      <Filter>头文件\Baoyuan</Filter>
    </ClInclude>
    <ClInclude Include="..\source\CBaoyuan_Lib_Tool.h">
      <Filter>头文件\Baoyuan</Filter>
    </ClInclude>
    <ClInclude Include="..\source\carve_common_lib.h">
      <Filter>头文件\carve_common_lib</Filter>
    </ClInclude>
    <ClInclude Include="..\source\carve_manager.h">
      <Filter>头文件\device</Filter>
    </ClInclude>
    <ClInclude Include="..\source\CCarve.h">
      <Filter>头文件\device</Filter>
    </ClInclude>
    <ClInclude Include="..\source\CDevice.h">
      <Filter>头文件\device</Filter>
    </ClInclude>
    <ClInclude Include="..\source\http_server\connection.hpp">
      <Filter>头文件\http_server</Filter>
    </ClInclude>
    <ClInclude Include="..\source\http_server\deal_http_msg.h">
      <Filter>头文件\http_server</Filter>
    </ClInclude>
    <ClInclude Include="..\source\http_server\header.hpp">
      <Filter>头文件\http_server</Filter>
    </ClInclude>
    <ClInclude Include="..\source\http_server\http_parser.h">
      <Filter>头文件\http_server</Filter>
    </ClInclude>
    <ClInclude Include="..\source\http_server\http_settings.h">
      <Filter>头文件\http_server</Filter>
    </ClInclude>
    <ClInclude Include="..\source\http_server\mime_types.hpp">
      <Filter>头文件\http_server</Filter>
    </ClInclude>
    <ClInclude Include="..\source\http_server\reply.hpp">
      <Filter>头文件\http_server</Filter>
    </ClInclude>
    <ClInclude Include="..\source\http_server\request.hpp">
      <Filter>头文件\http_server</Filter>
    </ClInclude>
    <ClInclude Include="..\source\http_server\request_handler.hpp">
      <Filter>头文件\http_server</Filter>
    </ClInclude>
    <ClInclude Include="..\source\http_server\request_parser.hpp">
      <Filter>头文件\http_server</Filter>
    </ClInclude>
    <ClInclude Include="..\source\http_server\server.hpp">
      <Filter>头文件\http_server</Filter>
    </ClInclude>
    <ClInclude Include="..\source\http_server\singleton_server.h">
      <Filter>头文件\http_server</Filter>
    </ClInclude>
    <ClInclude Include="..\source\log_base.h">
      <Filter>头文件\log</Filter>
    </ClInclude>
    <ClInclude Include="..\source\busin_log.h">
      <Filter>头文件\log</Filter>
    </ClInclude>
    <ClInclude Include="..\include\boost_common.h">
      <Filter>头文件</Filter>
    </ClInclude>
  </ItemGroup>
  <ItemGroup>
    <ClCompile Include="..\source\carve_common_lib.cpp">
      <Filter>头文件\carve_common_lib</Filter>
    </ClCompile>
    <ClCompile Include="..\source\log_base.cpp">
      <Filter>源文件\log</Filter>
    </ClCompile>
    <ClCompile Include="..\source\CCarve.cpp">
      <Filter>源文件\device</Filter>
    </ClCompile>
    <ClCompile Include="..\source\CDevice.cpp">
      <Filter>源文件\device</Filter>
    </ClCompile>
    <ClCompile Include="..\source\carve_manager.cpp">
      <Filter>源文件\device</Filter>
    </ClCompile>
    <ClCompile Include="..\source\CBaoyuan_Lib_Tool.cpp">
      <Filter>源文件\baoyuan</Filter>
    </ClCompile>
    <ClCompile Include="..\source\http_server\http_parser.c">
      <Filter>源文件\http_server</Filter>
    </ClCompile>
    <ClCompile Include="..\source\http_server\connection.cpp">
      <Filter>源文件\http_server</Filter>
    </ClCompile>
    <ClCompile Include="..\source\http_server\deal_http_msg.cpp">
      <Filter>源文件\http_server</Filter>
    </ClCompile>
    <ClCompile Include="..\source\http_server\http_settings.cpp">
      <Filter>源文件\http_server</Filter>
    </ClCompile>
    <ClCompile Include="..\source\http_server\mime_types.cpp">
      <Filter>源文件\http_server</Filter>
    </ClCompile>
    <ClCompile Include="..\source\http_server\reply.cpp">
      <Filter>源文件\http_server</Filter>
    </ClCompile>
    <ClCompile Include="..\source\http_server\request_handler.cpp">
      <Filter>源文件\http_server</Filter>
    </ClCompile>
    <ClCompile Include="..\source\http_server\request_parser.cpp">
      <Filter>源文件\http_server</Filter>
    </ClCompile>
    <ClCompile Include="..\source\http_server\server.cpp">
      <Filter>源文件\http_server</Filter>
    </ClCompile>
    <ClCompile Include="..\source\http_server\singleton_server.cpp">
      <Filter>源文件\http_server</Filter>
    </ClCompile>
    <ClCompile Include="Carve_Control_Service.cpp">
      <Filter>源文件\main</Filter>
    </ClCompile>
  </ItemGroup>
</Project>