<?xml version="1.0" encoding="utf-8"?>
<Project ToolsVersion="4.0" xmlns="http://schemas.microsoft.com/developer/msbuild/2003">
  <ItemGroup>
    <Filter Include="源文件">
      <UniqueIdentifier>{4FC737F1-C7A5-4376-A066-2A32D752A2FF}</UniqueIdentifier>
      <Extensions>cpp;c;cc;cxx;def;odl;idl;hpj;bat;asm;asmx</Extensions>
    </Filter>
    <Filter Include="头文件">
      <UniqueIdentifier>{93995380-89BD-4b04-88EB-625FBE52EBFB}</UniqueIdentifier>
      <Extensions>h;hpp;hxx;hm;inl;inc;xsd</Extensions>
    </Filter>
    <Filter Include="资源文件">
      <UniqueIdentifier>{67DA6AB6-F800-4c08-8B7A-83BB121AAD01}</UniqueIdentifier>
      <Extensions>rc;ico;cur;bmp;dlg;rc2;rct;bin;rgs;gif;jpg;jpeg;jpe;resx;tiff;tif;png;wav;mfcribbon-ms</Extensions>
    </Filter>
    <Filter Include="头文件\log">
      <UniqueIdentifier>{88d6fa00-ce40-4f31-9848-025a8791e638}</UniqueIdentifier>
    </Filter>
    <Filter Include="头文件\Baoyuan">
      <UniqueIdentifier>{b7769fa5-a0d7-4991-acc9-a81f9b05045c}</UniqueIdentifier>
    </Filter>
    <Filter Include="源文件\log">
      <UniqueIdentifier>{ff129691-13ef-4a8f-a764-6e96ad0e15f8}</UniqueIdentifier>
    </Filter>
    <Filter Include="头文件\device">
      <UniqueIdentifier>{589603b6-6fb1-4322-836b-8d8bb21c0c9c}</UniqueIdentifier>
    </Filter>
    <Filter Include="头文件\dlg">
      <UniqueIdentifier>{3225c414-5686-4368-b23b-80513395a6d3}</UniqueIdentifier>
    </Filter>
    <Filter Include="源文件\dlg">
      <UniqueIdentifier>{728e800d-4d1b-435c-82df-b71baf12407d}</UniqueIdentifier>
    </Filter>
    <Filter Include="源文件\baoyuan">
      <UniqueIdentifier>{bf19f86c-76c2-4a53-ba35-a9496cb15f7f}</UniqueIdentifier>
    </Filter>
    <Filter Include="源文件\device">
      <UniqueIdentifier>{d7c9b6c6-9b46-4f66-a479-bbaaa0655111}</UniqueIdentifier>
    </Filter>
    <Filter Include="头文件\carve_common_lib">
      <UniqueIdentifier>{0454903f-e232-4223-8981-8d8164baa736}</UniqueIdentifier>
    </Filter>
  </ItemGroup>
  <ItemGroup>
    <Text Include="ReadMe.txt" />
  </ItemGroup>
  <ItemGroup>
    <ClInclude Include="..\source\busin_log.h">
      <Filter>头文件\log</Filter>
    </ClInclude>
    <ClInclude Include="..\source\log_base.h">
      <Filter>头文件\log</Filter>
    </ClInclude>
    <ClInclude Include="..\include\baoyuan\scif2.h">
      <Filter>头文件\Baoyuan</Filter>
    </ClInclude>
    <ClInclude Include="..\include\baoyuan\scif2_define.h">
      <Filter>头文件\Baoyuan</Filter>
    </ClInclude>
    <ClInclude Include="..\source\CBaoyuan_Lib_Tool.h">
      <Filter>头文件\Baoyuan</Filter>
    </ClInclude>
    <ClInclude Include="Carve_Control_Service.h">
      <Filter>头文件\dlg</Filter>
    </ClInclude>
    <ClInclude Include="Carve_Control_ServiceDlg.h">
      <Filter>头文件\dlg</Filter>
    </ClInclude>
    <ClInclude Include="Resource.h">
      <Filter>头文件\dlg</Filter>
    </ClInclude>
    <ClInclude Include="stdafx.h">
      <Filter>头文件\dlg</Filter>
    </ClInclude>
    <ClInclude Include="targetver.h">
      <Filter>头文件\dlg</Filter>
    </ClInclude>
    <ClInclude Include="..\source\CCarve.h">
      <Filter>头文件\device</Filter>
    </ClInclude>
    <ClInclude Include="..\source\CDevice.h">
      <Filter>头文件\device</Filter>
    </ClInclude>
    <ClInclude Include="..\source\carve_common_lib.h">
      <Filter>头文件\carve_common_lib</Filter>
    </ClInclude>
  </ItemGroup>
  <ItemGroup>
    <ClCompile Include="..\source\log_base.cpp">
      <Filter>源文件\log</Filter>
    </ClCompile>
    <ClCompile Include="Carve_Control_ServiceDlg.cpp">
      <Filter>源文件\dlg</Filter>
    </ClCompile>
    <ClCompile Include="Carve_Control_Service.cpp">
      <Filter>源文件\dlg</Filter>
    </ClCompile>
    <ClCompile Include="..\source\CBaoyuan_Lib_Tool.cpp">
      <Filter>源文件\baoyuan</Filter>
    </ClCompile>
    <ClCompile Include="..\source\CCarve.cpp">
      <Filter>源文件\device</Filter>
    </ClCompile>
    <ClCompile Include="stdafx.cpp">
      <Filter>源文件\dlg</Filter>
    </ClCompile>
    <ClCompile Include="..\source\carve_common_lib.cpp">
      <Filter>头文件\carve_common_lib</Filter>
    </ClCompile>
  </ItemGroup>
  <ItemGroup>
    <ResourceCompile Include="Carve_Control_Service.rc">
      <Filter>资源文件</Filter>
    </ResourceCompile>
  </ItemGroup>
  <ItemGroup>
    <None Include="res\Carve_Control_Service.rc2">
      <Filter>资源文件</Filter>
    </None>
  </ItemGroup>
  <ItemGroup>
    <Image Include="res\Carve_Control_Service.ico">
      <Filter>资源文件</Filter>
    </Image>
  </ItemGroup>
</Project>